
Microsoft Visual Studio Solution File, Format Version 12.00
# Visual Studio Version 17
VisualStudioVersion = 17.2.32526.322
MinimumVisualStudioVersion = 10.0.40219.1
Project("{9A19103F-16F7-4668-BE54-9A1E7A4F7556}") = "csharp-client", "csharp-client.csproj", "{2FADD2FF-C562-45CD-82B3-6DD7047D32A1}"
EndProject
Project("{9A19103F-16F7-4668-BE54-9A1E7A4F7556}") = "csharp-server", "..\csharp-server\csharp-server.csproj", "{867D387D-1006-4AE4-975F-E6030680465E}"
EndProject
Project("{FAE04EC0-301F-11D3-BF4B-00C04F79EFBC}") = "Chatbot", "..\Chatbot\Chatbot.csproj", "{CA85F118-B040-4A38-87FD-69BC660347A8}"
EndProject
Global
	GlobalSection(SolutionConfigurationPlatforms) = preSolution
		Debug|Any CPU = Debug|Any CPU
		Release|Any CPU = Release|Any CPU
	EndGlobalSection
	GlobalSection(ProjectConfigurationPlatforms) = postSolution
		{2FADD2FF-C562-45CD-82B3-6DD7047D32A1}.Debug|Any CPU.ActiveCfg = Debug|Any CPU
		{2FADD2FF-C562-45CD-82B3-6DD7047D32A1}.Debug|Any CPU.Build.0 = Debug|Any CPU
		{2FADD2FF-C562-45CD-82B3-6DD7047D32A1}.Release|Any CPU.ActiveCfg = Release|Any CPU
		{2FADD2FF-C562-45CD-82B3-6DD7047D32A1}.Release|Any CPU.Build.0 = Release|Any CPU
		{867D387D-1006-4AE4-975F-E6030680465E}.Debug|Any CPU.ActiveCfg = Debug|Any CPU
		{867D387D-1006-4AE4-975F-E6030680465E}.Debug|Any CPU.Build.0 = Debug|Any CPU
		{867D387D-1006-4AE4-975F-E6030680465E}.Release|Any CPU.ActiveCfg = Release|Any CPU
		{867D387D-1006-4AE4-975F-E6030680465E}.Release|Any CPU.Build.0 = Release|Any CPU
		{CA85F118-B040-4A38-87FD-69BC660347A8}.Debug|Any CPU.ActiveCfg = Debug|Any CPU
		{CA85F118-B040-4A38-87FD-69BC660347A8}.Debug|Any CPU.Build.0 = Debug|Any CPU
		{CA85F118-B040-4A38-87FD-69BC660347A8}.Release|Any CPU.ActiveCfg = Release|Any CPU
		{CA85F118-B040-4A38-87FD-69BC660347A8}.Release|Any CPU.Build.0 = Release|Any CPU
	EndGlobalSection
	GlobalSection(SolutionProperties) = preSolution
		HideSolutionNode = FALSE
	EndGlobalSection
	GlobalSection(ExtensibilityGlobals) = postSolution
		SolutionGuid = {98414189-B5C1-4D76-91F0-49AC656EB2BA}
	EndGlobalSection
EndGlobal
